// !$*UTF8*$!
{
	archiveVersion = 1;
	classes = {
	};
	objectVersion = 46;
	objects = {

/* Begin PBXBuildFile section */
		853518AB1749D10100F589EE /* UIKit.framework in Frameworks */ = {isa = PBXBuildFile; fileRef = 853518AA1749D10100F589EE /* UIKit.framework */; };
		853518AD1749D10100F589EE /* Foundation.framework in Frameworks */ = {isa = PBXBuildFile; fileRef = 853518AC1749D10100F589EE /* Foundation.framework */; };
		853518AF1749D10100F589EE /* CoreGraphics.framework in Frameworks */ = {isa = PBXBuildFile; fileRef = 853518AE1749D10100F589EE /* CoreGraphics.framework */; };
		853518C91749D10200F589EE /* SenTestingKit.framework in Frameworks */ = {isa = PBXBuildFile; fileRef = 853518C81749D10100F589EE /* SenTestingKit.framework */; };
		853518CA1749D10200F589EE /* UIKit.framework in Frameworks */ = {isa = PBXBuildFile; fileRef = 853518AA1749D10100F589EE /* UIKit.framework */; };
		853518CB1749D10200F589EE /* Foundation.framework in Frameworks */ = {isa = PBXBuildFile; fileRef = 853518AC1749D10100F589EE /* Foundation.framework */; };
		853518D31749D10200F589EE /* InfoPlist.strings in Resources */ = {isa = PBXBuildFile; fileRef = 853518D11749D10200F589EE /* InfoPlist.strings */; };
		853518D61749D10200F589EE /* LAMessageUIDemoTests.m in Sources */ = {isa = PBXBuildFile; fileRef = 853518D51749D10200F589EE /* LAMessageUIDemoTests.m */; };
		853518E41749D12C00F589EE /* LAMAppDelegate.m in Sources */ = {isa = PBXBuildFile; fileRef = 853518DE1749D12C00F589EE /* LAMAppDelegate.m */; };
		853518E51749D12C00F589EE /* LAMDemoViewController.m in Sources */ = {isa = PBXBuildFile; fileRef = 853518E01749D12C00F589EE /* LAMDemoViewController.m */; };
		853518E71749D12C00F589EE /* main.m in Sources */ = {isa = PBXBuildFile; fileRef = 853518E31749D12C00F589EE /* main.m */; };
		853518EE1749D15200F589EE /* Default-568h@2x.png in Resources */ = {isa = PBXBuildFile; fileRef = 853518E81749D15200F589EE /* Default-568h@2x.png */; };
		853518EF1749D15200F589EE /* Default.png in Resources */ = {isa = PBXBuildFile; fileRef = 853518E91749D15200F589EE /* Default.png */; };
		853518F01749D15200F589EE /* Default@2x.png in Resources */ = {isa = PBXBuildFile; fileRef = 853518EA1749D15200F589EE /* Default@2x.png */; };
		853518F11749D15200F589EE /* InfoPlist.strings in Resources */ = {isa = PBXBuildFile; fileRef = 853518EC1749D15200F589EE /* InfoPlist.strings */; };
		853518FA1749D17D00F589EE /* LAMessageComposeRootViewController.m in Sources */ = {isa = PBXBuildFile; fileRef = 853518F41749D17D00F589EE /* LAMessageComposeRootViewController.m */; };
		853518FB1749D17D00F589EE /* LAMessageComposeViewController.m in Sources */ = {isa = PBXBuildFile; fileRef = 853518F61749D17D00F589EE /* LAMessageComposeViewController.m */; };
		856B36451749D45F00E326AA /* LAMessageComposeView.m in Sources */ = {isa = PBXBuildFile; fileRef = 856B36441749D45F00E326AA /* LAMessageComposeView.m */; };
		856B36531749D98E00E326AA /* QuartzCore.framework in Frameworks */ = {isa = PBXBuildFile; fileRef = 856B36521749D98E00E326AA /* QuartzCore.framework */; };
		856B365C1749D9D000E326AA /* APShadowView.m in Sources */ = {isa = PBXBuildFile; fileRef = 856B36551749D9CF00E326AA /* APShadowView.m */; };
		856B365D1749D9D000E326AA /* APTokenField.m in Sources */ = {isa = PBXBuildFile; fileRef = 856B36571749D9CF00E326AA /* APTokenField.m */; };
		856B365E1749D9D000E326AA /* APTokenView.m in Sources */ = {isa = PBXBuildFile; fileRef = 856B365B1749D9CF00E326AA /* APTokenView.m */; };
		856B3668174A610800E326AA /* AmericanStatesDataSource.m in Sources */ = {isa = PBXBuildFile; fileRef = 856B3667174A610800E326AA /* AmericanStatesDataSource.m */; };
		856B366C174A659D00E326AA /* LAMessageMailItem.m in Sources */ = {isa = PBXBuildFile; fileRef = 856B366B174A659D00E326AA /* LAMessageMailItem.m */; };
		856B366F174A9A1C00E326AA /* LAMessageAddressBookTokenDataSource.m in Sources */ = {isa = PBXBuildFile; fileRef = 856B366E174A9A1C00E326AA /* LAMessageAddressBookTokenDataSource.m */; };
		ADA5A5F6506B452BA544ED5B /* libPods.a in Frameworks */ = {isa = PBXBuildFile; fileRef = 2E8534F88B864A8395CD3C61 /* libPods.a */; };
/* End PBXBuildFile section */

/* Begin PBXContainerItemProxy section */
		853518CC1749D10200F589EE /* PBXContainerItemProxy */ = {
			isa = PBXContainerItemProxy;
			containerPortal = 85B70C511746D4AF00981DB6 /* Project object */;
			proxyType = 1;
			remoteGlobalIDString = 853518A61749D10100F589EE;
			remoteInfo = LAMessageUIDemo;
		};
/* End PBXContainerItemProxy section */

/* Begin PBXFileReference section */
		2E8534F88B864A8395CD3C61 /* libPods.a */ = {isa = PBXFileReference; explicitFileType = archive.ar; includeInIndex = 0; path = libPods.a; sourceTree = BUILT_PRODUCTS_DIR; };
		853518A71749D10100F589EE /* LAMessageUIDemo.app */ = {isa = PBXFileReference; explicitFileType = wrapper.application; includeInIndex = 0; path = LAMessageUIDemo.app; sourceTree = BUILT_PRODUCTS_DIR; };
		853518AA1749D10100F589EE /* UIKit.framework */ = {isa = PBXFileReference; lastKnownFileType = wrapper.framework; name = UIKit.framework; path = Library/Frameworks/UIKit.framework; sourceTree = DEVELOPER_DIR; };
		853518AC1749D10100F589EE /* Foundation.framework */ = {isa = PBXFileReference; lastKnownFileType = wrapper.framework; name = Foundation.framework; path = Library/Frameworks/Foundation.framework; sourceTree = DEVELOPER_DIR; };
		853518AE1749D10100F589EE /* CoreGraphics.framework */ = {isa = PBXFileReference; lastKnownFileType = wrapper.framework; name = CoreGraphics.framework; path = Library/Frameworks/CoreGraphics.framework; sourceTree = DEVELOPER_DIR; };
		853518C71749D10100F589EE /* LAMessageUIDemoTests.octest */ = {isa = PBXFileReference; explicitFileType = wrapper.cfbundle; includeInIndex = 0; path = LAMessageUIDemoTests.octest; sourceTree = BUILT_PRODUCTS_DIR; };
		853518C81749D10100F589EE /* SenTestingKit.framework */ = {isa = PBXFileReference; lastKnownFileType = wrapper.framework; name = SenTestingKit.framework; path = Library/Frameworks/SenTestingKit.framework; sourceTree = DEVELOPER_DIR; };
		853518D01749D10200F589EE /* LAMessageUIDemoTests-Info.plist */ = {isa = PBXFileReference; lastKnownFileType = text.plist.xml; path = "LAMessageUIDemoTests-Info.plist"; sourceTree = "<group>"; };
		853518D21749D10200F589EE /* en */ = {isa = PBXFileReference; lastKnownFileType = text.plist.strings; name = en; path = en.lproj/InfoPlist.strings; sourceTree = "<group>"; };
		853518D41749D10200F589EE /* LAMessageUIDemoTests.h */ = {isa = PBXFileReference; lastKnownFileType = sourcecode.c.h; path = LAMessageUIDemoTests.h; sourceTree = "<group>"; };
		853518D51749D10200F589EE /* LAMessageUIDemoTests.m */ = {isa = PBXFileReference; lastKnownFileType = sourcecode.c.objc; path = LAMessageUIDemoTests.m; sourceTree = "<group>"; };
		853518DD1749D12C00F589EE /* LAMAppDelegate.h */ = {isa = PBXFileReference; fileEncoding = 4; lastKnownFileType = sourcecode.c.h; path = LAMAppDelegate.h; sourceTree = "<group>"; };
		853518DE1749D12C00F589EE /* LAMAppDelegate.m */ = {isa = PBXFileReference; fileEncoding = 4; lastKnownFileType = sourcecode.c.objc; path = LAMAppDelegate.m; sourceTree = "<group>"; };
		853518DF1749D12C00F589EE /* LAMDemoViewController.h */ = {isa = PBXFileReference; fileEncoding = 4; lastKnownFileType = sourcecode.c.h; path = LAMDemoViewController.h; sourceTree = "<group>"; };
		853518E01749D12C00F589EE /* LAMDemoViewController.m */ = {isa = PBXFileReference; fileEncoding = 4; lastKnownFileType = sourcecode.c.objc; path = LAMDemoViewController.m; sourceTree = "<group>"; };
		853518E11749D12C00F589EE /* LAMessageUIDemo-Info.plist */ = {isa = PBXFileReference; fileEncoding = 4; lastKnownFileType = text.plist.xml; path = "LAMessageUIDemo-Info.plist"; sourceTree = "<group>"; };
		853518E21749D12C00F589EE /* LAMessageUIDemo-Prefix.pch */ = {isa = PBXFileReference; fileEncoding = 4; lastKnownFileType = sourcecode.c.h; path = "LAMessageUIDemo-Prefix.pch"; sourceTree = "<group>"; };
		853518E31749D12C00F589EE /* main.m */ = {isa = PBXFileReference; fileEncoding = 4; lastKnownFileType = sourcecode.c.objc; path = main.m; sourceTree = "<group>"; };
		853518E81749D15200F589EE /* Default-568h@2x.png */ = {isa = PBXFileReference; lastKnownFileType = image.png; path = "Default-568h@2x.png"; sourceTree = "<group>"; };
		853518E91749D15200F589EE /* Default.png */ = {isa = PBXFileReference; lastKnownFileType = image.png; path = Default.png; sourceTree = "<group>"; };
		853518EA1749D15200F589EE /* Default@2x.png */ = {isa = PBXFileReference; lastKnownFileType = image.png; path = "Default@2x.png"; sourceTree = "<group>"; };
		853518ED1749D15200F589EE /* en */ = {isa = PBXFileReference; lastKnownFileType = text.plist.strings; name = en; path = InfoPlist.strings; sourceTree = "<group>"; };
		853518F31749D17D00F589EE /* LAMessageComposeRootViewController.h */ = {isa = PBXFileReference; fileEncoding = 4; lastKnownFileType = sourcecode.c.h; path = LAMessageComposeRootViewController.h; sourceTree = "<group>"; };
		853518F41749D17D00F589EE /* LAMessageComposeRootViewController.m */ = {isa = PBXFileReference; fileEncoding = 4; lastKnownFileType = sourcecode.c.objc; path = LAMessageComposeRootViewController.m; sourceTree = "<group>"; };
		853518F51749D17D00F589EE /* LAMessageComposeViewController.h */ = {isa = PBXFileReference; fileEncoding = 4; lastKnownFileType = sourcecode.c.h; path = LAMessageComposeViewController.h; sourceTree = "<group>"; };
		853518F61749D17D00F589EE /* LAMessageComposeViewController.m */ = {isa = PBXFileReference; fileEncoding = 4; lastKnownFileType = sourcecode.c.objc; path = LAMessageComposeViewController.m; sourceTree = "<group>"; };
		853518F71749D17D00F589EE /* LAMessageComposeViewControllerDelegate.h */ = {isa = PBXFileReference; fileEncoding = 4; lastKnownFileType = sourcecode.c.h; path = LAMessageComposeViewControllerDelegate.h; sourceTree = "<group>"; };
		853518F91749D17D00F589EE /* LAMessageUI.h */ = {isa = PBXFileReference; fileEncoding = 4; lastKnownFileType = sourcecode.c.h; path = LAMessageUI.h; sourceTree = "<group>"; };
		856B36431749D45F00E326AA /* LAMessageComposeView.h */ = {isa = PBXFileReference; fileEncoding = 4; lastKnownFileType = sourcecode.c.h; path = LAMessageComposeView.h; sourceTree = "<group>"; };
		856B36441749D45F00E326AA /* LAMessageComposeView.m */ = {isa = PBXFileReference; fileEncoding = 4; lastKnownFileType = sourcecode.c.objc; path = LAMessageComposeView.m; sourceTree = "<group>"; };
		856B36521749D98E00E326AA /* QuartzCore.framework */ = {isa = PBXFileReference; lastKnownFileType = wrapper.framework; name = QuartzCore.framework; path = Platforms/iPhoneOS.platform/Developer/SDKs/iPhoneOS6.1.sdk/System/Library/Frameworks/QuartzCore.framework; sourceTree = DEVELOPER_DIR; };
		856B36541749D9CE00E326AA /* APShadowView.h */ = {isa = PBXFileReference; fileEncoding = 4; lastKnownFileType = sourcecode.c.h; path = APShadowView.h; sourceTree = "<group>"; };
		856B36551749D9CF00E326AA /* APShadowView.m */ = {isa = PBXFileReference; fileEncoding = 4; lastKnownFileType = sourcecode.c.objc; path = APShadowView.m; sourceTree = "<group>"; };
		856B36561749D9CF00E326AA /* APTokenField.h */ = {isa = PBXFileReference; fileEncoding = 4; lastKnownFileType = sourcecode.c.h; path = APTokenField.h; sourceTree = "<group>"; };
		856B36571749D9CF00E326AA /* APTokenField.m */ = {isa = PBXFileReference; fileEncoding = 4; lastKnownFileType = sourcecode.c.objc; path = APTokenField.m; sourceTree = "<group>"; };
		856B36581749D9CF00E326AA /* APTokenFieldDataSource.h */ = {isa = PBXFileReference; fileEncoding = 4; lastKnownFileType = sourcecode.c.h; path = APTokenFieldDataSource.h; sourceTree = "<group>"; };
		856B36591749D9CF00E326AA /* APTokenFieldDelegate.h */ = {isa = PBXFileReference; fileEncoding = 4; lastKnownFileType = sourcecode.c.h; path = APTokenFieldDelegate.h; sourceTree = "<group>"; };
		856B365A1749D9CF00E326AA /* APTokenView.h */ = {isa = PBXFileReference; fileEncoding = 4; lastKnownFileType = sourcecode.c.h; path = APTokenView.h; sourceTree = "<group>"; };
		856B365B1749D9CF00E326AA /* APTokenView.m */ = {isa = PBXFileReference; fileEncoding = 4; lastKnownFileType = sourcecode.c.objc; path = APTokenView.m; sourceTree = "<group>"; };
		856B3666174A610800E326AA /* AmericanStatesDataSource.h */ = {isa = PBXFileReference; fileEncoding = 4; lastKnownFileType = sourcecode.c.h; name = AmericanStatesDataSource.h; path = ../../APTokenField/APTokenField/AmericanStatesDataSource.h; sourceTree = "<group>"; };
		856B3667174A610800E326AA /* AmericanStatesDataSource.m */ = {isa = PBXFileReference; fileEncoding = 4; lastKnownFileType = sourcecode.c.objc; name = AmericanStatesDataSource.m; path = ../../APTokenField/APTokenField/AmericanStatesDataSource.m; sourceTree = "<group>"; };
		856B3669174A63ED00E326AA /* LAMessageRecipmentItem.h */ = {isa = PBXFileReference; lastKnownFileType = sourcecode.c.h; path = LAMessageRecipmentItem.h; sourceTree = "<group>"; };
		856B366A174A659D00E326AA /* LAMessageMailItem.h */ = {isa = PBXFileReference; fileEncoding = 4; lastKnownFileType = sourcecode.c.h; path = LAMessageMailItem.h; sourceTree = "<group>"; };
		856B366B174A659D00E326AA /* LAMessageMailItem.m */ = {isa = PBXFileReference; fileEncoding = 4; lastKnownFileType = sourcecode.c.objc; path = LAMessageMailItem.m; sourceTree = "<group>"; };
		856B366D174A9A1C00E326AA /* LAMessageAddressBookTokenDataSource.h */ = {isa = PBXFileReference; fileEncoding = 4; lastKnownFileType = sourcecode.c.h; path = LAMessageAddressBookTokenDataSource.h; sourceTree = "<group>"; };
		856B366E174A9A1C00E326AA /* LAMessageAddressBookTokenDataSource.m */ = {isa = PBXFileReference; fileEncoding = 4; lastKnownFileType = sourcecode.c.objc; path = LAMessageAddressBookTokenDataSource.m; sourceTree = "<group>"; };
		EB4F08746B304071A8CD6F01 /* Pods.xcconfig */ = {isa = PBXFileReference; includeInIndex = 1; lastKnownFileType = text.xcconfig; name = Pods.xcconfig; path = Pods/Pods.xcconfig; sourceTree = SOURCE_ROOT; };
/* End PBXFileReference section */

/* Begin PBXFrameworksBuildPhase section */
		853518A41749D10100F589EE /* Frameworks */ = {
			isa = PBXFrameworksBuildPhase;
			buildActionMask = 2147483647;
			files = (
				856B36531749D98E00E326AA /* QuartzCore.framework in Frameworks */,
				853518AB1749D10100F589EE /* UIKit.framework in Frameworks */,
				853518AD1749D10100F589EE /* Foundation.framework in Frameworks */,
				853518AF1749D10100F589EE /* CoreGraphics.framework in Frameworks */,
				ADA5A5F6506B452BA544ED5B /* libPods.a in Frameworks */,
			);
			runOnlyForDeploymentPostprocessing = 0;
		};
		853518C31749D10100F589EE /* Frameworks */ = {
			isa = PBXFrameworksBuildPhase;
			buildActionMask = 2147483647;
			files = (
				853518C91749D10200F589EE /* SenTestingKit.framework in Frameworks */,
				853518CA1749D10200F589EE /* UIKit.framework in Frameworks */,
				853518CB1749D10200F589EE /* Foundation.framework in Frameworks */,
			);
			runOnlyForDeploymentPostprocessing = 0;
		};
/* End PBXFrameworksBuildPhase section */

/* Begin PBXGroup section */
		853518A81749D10100F589EE /* Products */ = {
			isa = PBXGroup;
			children = (
				853518A71749D10100F589EE /* LAMessageUIDemo.app */,
				853518C71749D10100F589EE /* LAMessageUIDemoTests.octest */,
			);
			name = Products;
			sourceTree = "<group>";
		};
		853518A91749D10100F589EE /* Frameworks */ = {
			isa = PBXGroup;
			children = (
				856B36521749D98E00E326AA /* QuartzCore.framework */,
				853518AA1749D10100F589EE /* UIKit.framework */,
				853518AC1749D10100F589EE /* Foundation.framework */,
				853518AE1749D10100F589EE /* CoreGraphics.framework */,
				853518C81749D10100F589EE /* SenTestingKit.framework */,
				2E8534F88B864A8395CD3C61 /* libPods.a */,
			);
			name = Frameworks;
			sourceTree = "<group>";
		};
		853518B01749D10100F589EE /* LAMessageUIDemo */ = {
			isa = PBXGroup;
			children = (
				856B3666174A610800E326AA /* AmericanStatesDataSource.h */,
				856B3667174A610800E326AA /* AmericanStatesDataSource.m */,
				853518DD1749D12C00F589EE /* LAMAppDelegate.h */,
				853518DE1749D12C00F589EE /* LAMAppDelegate.m */,
				853518DF1749D12C00F589EE /* LAMDemoViewController.h */,
				853518E01749D12C00F589EE /* LAMDemoViewController.m */,
				853518B11749D10100F589EE /* Supporting Files */,
			);
			path = LAMessageUIDemo;
			sourceTree = "<group>";
		};
		853518B11749D10100F589EE /* Supporting Files */ = {
			isa = PBXGroup;
			children = (
				853518E21749D12C00F589EE /* LAMessageUIDemo-Prefix.pch */,
				853518E11749D12C00F589EE /* LAMessageUIDemo-Info.plist */,
				853518E31749D12C00F589EE /* main.m */,
				853518EC1749D15200F589EE /* InfoPlist.strings */,
				853518E81749D15200F589EE /* Default-568h@2x.png */,
				853518E91749D15200F589EE /* Default.png */,
				853518EA1749D15200F589EE /* Default@2x.png */,
			);
			name = "Supporting Files";
			sourceTree = "<group>";
		};
		853518CE1749D10200F589EE /* LAMessageUIDemoTests */ = {
			isa = PBXGroup;
			children = (
				853518D41749D10200F589EE /* LAMessageUIDemoTests.h */,
				853518D51749D10200F589EE /* LAMessageUIDemoTests.m */,
				853518CF1749D10200F589EE /* Supporting Files */,
			);
			path = LAMessageUIDemoTests;
			sourceTree = "<group>";
		};
		853518CF1749D10200F589EE /* Supporting Files */ = {
			isa = PBXGroup;
			children = (
				853518D01749D10200F589EE /* LAMessageUIDemoTests-Info.plist */,
				853518D11749D10200F589EE /* InfoPlist.strings */,
			);
			name = "Supporting Files";
			sourceTree = "<group>";
		};
		853518F21749D17D00F589EE /* LAMessageUI */ = {
			isa = PBXGroup;
			children = (
				856B365F1749DB6600E326AA /* APTokenField */,
				853518F31749D17D00F589EE /* LAMessageComposeRootViewController.h */,
				853518F41749D17D00F589EE /* LAMessageComposeRootViewController.m */,
				853518F51749D17D00F589EE /* LAMessageComposeViewController.h */,
				853518F61749D17D00F589EE /* LAMessageComposeViewController.m */,
				853518F71749D17D00F589EE /* LAMessageComposeViewControllerDelegate.h */,
				853518F91749D17D00F589EE /* LAMessageUI.h */,
				856B36431749D45F00E326AA /* LAMessageComposeView.h */,
				856B36441749D45F00E326AA /* LAMessageComposeView.m */,
				856B3669174A63ED00E326AA /* LAMessageRecipmentItem.h */,
				856B366A174A659D00E326AA /* LAMessageMailItem.h */,
				856B366B174A659D00E326AA /* LAMessageMailItem.m */,
				856B366D174A9A1C00E326AA /* LAMessageAddressBookTokenDataSource.h */,
				856B366E174A9A1C00E326AA /* LAMessageAddressBookTokenDataSource.m */,
			);
			path = LAMessageUI;
			sourceTree = "<group>";
		};
		856B365F1749DB6600E326AA /* APTokenField */ = {
			isa = PBXGroup;
			children = (
				856B36541749D9CE00E326AA /* APShadowView.h */,
				856B36551749D9CF00E326AA /* APShadowView.m */,
				856B36561749D9CF00E326AA /* APTokenField.h */,
				856B36571749D9CF00E326AA /* APTokenField.m */,
				856B36581749D9CF00E326AA /* APTokenFieldDataSource.h */,
				856B36591749D9CF00E326AA /* APTokenFieldDelegate.h */,
				856B365A1749D9CF00E326AA /* APTokenView.h */,
				856B365B1749D9CF00E326AA /* APTokenView.m */,
			);
			name = APTokenField;
			sourceTree = "<group>";
		};
		85B70C501746D4AF00981DB6 = {
			isa = PBXGroup;
			children = (
				853518F21749D17D00F589EE /* LAMessageUI */,
				853518B01749D10100F589EE /* LAMessageUIDemo */,
				853518CE1749D10200F589EE /* LAMessageUIDemoTests */,
				853518A91749D10100F589EE /* Frameworks */,
				853518A81749D10100F589EE /* Products */,
				EB4F08746B304071A8CD6F01 /* Pods.xcconfig */,
			);
			sourceTree = "<group>";
		};
/* End PBXGroup section */

/* Begin PBXNativeTarget section */
		853518A61749D10100F589EE /* LAMessageUIDemo */ = {
			isa = PBXNativeTarget;
			buildConfigurationList = 853518DB1749D10200F589EE /* Build configuration list for PBXNativeTarget "LAMessageUIDemo" */;
			buildPhases = (
				BA9C09B20A99422F975C8906 /* Check Pods Manifest.lock */,
				853518A31749D10100F589EE /* Sources */,
				853518A41749D10100F589EE /* Frameworks */,
				853518A51749D10100F589EE /* Resources */,
				F5345006FBB3486E8EA0AC55 /* Copy Pods Resources */,
			);
			buildRules = (
			);
			dependencies = (
			);
			name = LAMessageUIDemo;
			productName = LAMessageUIDemo;
			productReference = 853518A71749D10100F589EE /* LAMessageUIDemo.app */;
			productType = "com.apple.product-type.application";
		};
		853518C61749D10100F589EE /* LAMessageUIDemoTests */ = {
			isa = PBXNativeTarget;
			buildConfigurationList = 853518DC1749D10200F589EE /* Build configuration list for PBXNativeTarget "LAMessageUIDemoTests" */;
			buildPhases = (
				853518C21749D10100F589EE /* Sources */,
				853518C31749D10100F589EE /* Frameworks */,
				853518C41749D10100F589EE /* Resources */,
				853518C51749D10100F589EE /* ShellScript */,
			);
			buildRules = (
			);
			dependencies = (
				853518CD1749D10200F589EE /* PBXTargetDependency */,
			);
			name = LAMessageUIDemoTests;
			productName = LAMessageUIDemoTests;
			productReference = 853518C71749D10100F589EE /* LAMessageUIDemoTests.octest */;
			productType = "com.apple.product-type.bundle";
		};
/* End PBXNativeTarget section */

/* Begin PBXProject section */
		85B70C511746D4AF00981DB6 /* Project object */ = {
			isa = PBXProject;
			attributes = {
				LastUpgradeCheck = 0460;
			};
			buildConfigurationList = 85B70C541746D4AF00981DB6 /* Build configuration list for PBXProject "LAMessageUI" */;
			compatibilityVersion = "Xcode 3.2";
			developmentRegion = English;
			hasScannedForEncodings = 0;
			knownRegions = (
				en,
			);
			mainGroup = 85B70C501746D4AF00981DB6;
			productRefGroup = 853518A81749D10100F589EE /* Products */;
			projectDirPath = "";
			projectRoot = "";
			targets = (
				853518A61749D10100F589EE /* LAMessageUIDemo */,
				853518C61749D10100F589EE /* LAMessageUIDemoTests */,
			);
		};
/* End PBXProject section */

/* Begin PBXResourcesBuildPhase section */
		853518A51749D10100F589EE /* Resources */ = {
			isa = PBXResourcesBuildPhase;
			buildActionMask = 2147483647;
			files = (
				853518EE1749D15200F589EE /* Default-568h@2x.png in Resources */,
				853518EF1749D15200F589EE /* Default.png in Resources */,
				853518F01749D15200F589EE /* Default@2x.png in Resources */,
				853518F11749D15200F589EE /* InfoPlist.strings in Resources */,
			);
			runOnlyForDeploymentPostprocessing = 0;
		};
		853518C41749D10100F589EE /* Resources */ = {
			isa = PBXResourcesBuildPhase;
			buildActionMask = 2147483647;
			files = (
				853518D31749D10200F589EE /* InfoPlist.strings in Resources */,
			);
			runOnlyForDeploymentPostprocessing = 0;
		};
/* End PBXResourcesBuildPhase section */

/* Begin PBXShellScriptBuildPhase section */
		853518C51749D10100F589EE /* ShellScript */ = {
			isa = PBXShellScriptBuildPhase;
			buildActionMask = 2147483647;
			files = (
			);
			inputPaths = (
			);
			outputPaths = (
			);
			runOnlyForDeploymentPostprocessing = 0;
			shellPath = /bin/sh;
			shellScript = "# Run the unit tests in this test bundle.\n\"${SYSTEM_DEVELOPER_DIR}/Tools/RunUnitTests\"\n";
		};
		BA9C09B20A99422F975C8906 /* Check Pods Manifest.lock */ = {
			isa = PBXShellScriptBuildPhase;
			buildActionMask = 2147483647;
			files = (
			);
			inputPaths = (
			);
			name = "Check Pods Manifest.lock";
			outputPaths = (
			);
			runOnlyForDeploymentPostprocessing = 0;
			shellPath = /bin/sh;
			shellScript = "diff \"${PODS_ROOT}/../Podfile.lock\" \"${PODS_ROOT}/Manifest.lock\" > /dev/null\nif [[ $? != 0 ]] ; then\n    cat << EOM\nerror: The sandbox is not in sync with the Podfile.lock. Run 'pod install' or update your CocoaPods installation.\nEOM\n    exit 1\nfi\n";
		};
		F5345006FBB3486E8EA0AC55 /* Copy Pods Resources */ = {
			isa = PBXShellScriptBuildPhase;
			buildActionMask = 2147483647;
			files = (
			);
			inputPaths = (
			);
			name = "Copy Pods Resources";
			outputPaths = (
			);
			runOnlyForDeploymentPostprocessing = 0;
			shellPath = /bin/sh;
			shellScript = "\"${SRCROOT}/Pods/Pods-resources.sh\"\n";
		};
/* End PBXShellScriptBuildPhase section */

/* Begin PBXSourcesBuildPhase section */
		853518A31749D10100F589EE /* Sources */ = {
			isa = PBXSourcesBuildPhase;
			buildActionMask = 2147483647;
			files = (
				853518E41749D12C00F589EE /* LAMAppDelegate.m in Sources */,
				853518E51749D12C00F589EE /* LAMDemoViewController.m in Sources */,
				853518E71749D12C00F589EE /* main.m in Sources */,
				853518FA1749D17D00F589EE /* LAMessageComposeRootViewController.m in Sources */,
				853518FB1749D17D00F589EE /* LAMessageComposeViewController.m in Sources */,
				856B36451749D45F00E326AA /* LAMessageComposeView.m in Sources */,
				856B365C1749D9D000E326AA /* APShadowView.m in Sources */,
				856B365D1749D9D000E326AA /* APTokenField.m in Sources */,
				856B365E1749D9D000E326AA /* APTokenView.m in Sources */,
				856B3668174A610800E326AA /* AmericanStatesDataSource.m in Sources */,
				856B366C174A659D00E326AA /* LAMessageMailItem.m in Sources */,
				856B366F174A9A1C00E326AA /* LAMessageAddressBookTokenDataSource.m in Sources */,
			);
			runOnlyForDeploymentPostprocessing = 0;
		};
		853518C21749D10100F589EE /* Sources */ = {
			isa = PBXSourcesBuildPhase;
			buildActionMask = 2147483647;
			files = (
				853518D61749D10200F589EE /* LAMessageUIDemoTests.m in Sources */,
			);
			runOnlyForDeploymentPostprocessing = 0;
		};
/* End PBXSourcesBuildPhase section */

/* Begin PBXTargetDependency section */
		853518CD1749D10200F589EE /* PBXTargetDependency */ = {
			isa = PBXTargetDependency;
			target = 853518A61749D10100F589EE /* LAMessageUIDemo */;
			targetProxy = 853518CC1749D10200F589EE /* PBXContainerItemProxy */;
		};
/* End PBXTargetDependency section */

/* Begin PBXVariantGroup section */
		853518D11749D10200F589EE /* InfoPlist.strings */ = {
			isa = PBXVariantGroup;
			children = (
				853518D21749D10200F589EE /* en */,
			);
			name = InfoPlist.strings;
			sourceTree = "<group>";
		};
		853518EC1749D15200F589EE /* InfoPlist.strings */ = {
			isa = PBXVariantGroup;
			children = (
				853518ED1749D15200F589EE /* en */,
			);
			name = InfoPlist.strings;
			path = en.lproj;
			sourceTree = "<group>";
		};
/* End PBXVariantGroup section */

/* Begin XCBuildConfiguration section */
		853518D71749D10200F589EE /* Debug */ = {
			isa = XCBuildConfiguration;
			baseConfigurationReference = EB4F08746B304071A8CD6F01 /* Pods.xcconfig */;
			buildSettings = {
				ALWAYS_SEARCH_USER_PATHS = "$(inherited)";
				CLANG_CXX_LANGUAGE_STANDARD = "gnu++0x";
				CLANG_CXX_LIBRARY = "libc++";
				CLANG_ENABLE_OBJC_ARC = YES;
				CLANG_WARN_CONSTANT_CONVERSION = YES;
				CLANG_WARN_EMPTY_BODY = YES;
				CLANG_WARN_ENUM_CONVERSION = YES;
				CLANG_WARN_INT_CONVERSION = YES;
				CLANG_WARN__DUPLICATE_METHOD_MATCH = YES;
				"CODE_SIGN_IDENTITY[sdk=iphoneos*]" = "iPhone Developer";
				COPY_PHASE_STRIP = NO;
				FRAMEWORK_SEARCH_PATHS = (
					"$(inherited)",
					"\"$(SYSTEM_APPS_DIR)/Xcode.app/Contents/Developer/Library/Frameworks\"",
				);
				GCC_C_LANGUAGE_STANDARD = gnu99;
				GCC_DYNAMIC_NO_PIC = NO;
				GCC_OPTIMIZATION_LEVEL = 0;
				GCC_PRECOMPILE_PREFIX_HEADER = YES;
				GCC_PREFIX_HEADER = "LAMessageUIDemo/LAMessageUIDemo-Prefix.pch";
				GCC_PREPROCESSOR_DEFINITIONS = (
					"DEBUG=1",
					"$(inherited)",
				);
				GCC_SYMBOLS_PRIVATE_EXTERN = NO;
				GCC_WARN_ABOUT_RETURN_TYPE = YES;
				GCC_WARN_UNINITIALIZED_AUTOS = YES;
				GCC_WARN_UNUSED_VARIABLE = YES;
				INFOPLIST_FILE = "LAMessageUIDemo/LAMessageUIDemo-Info.plist";
				IPHONEOS_DEPLOYMENT_TARGET = 6.1;
				ONLY_ACTIVE_ARCH = YES;
				PRODUCT_NAME = "$(TARGET_NAME)";
				SDKROOT = iphoneos;
				TARGETED_DEVICE_FAMILY = "1,2";
				WRAPPER_EXTENSION = app;
			};
			name = Debug;
		};
		853518D81749D10200F589EE /* Release */ = {
			isa = XCBuildConfiguration;
			baseConfigurationReference = EB4F08746B304071A8CD6F01 /* Pods.xcconfig */;
			buildSettings = {
				ALWAYS_SEARCH_USER_PATHS = "$(inherited)";
				CLANG_CXX_LANGUAGE_STANDARD = "gnu++0x";
				CLANG_CXX_LIBRARY = "libc++";
				CLANG_ENABLE_OBJC_ARC = YES;
				CLANG_WARN_CONSTANT_CONVERSION = YES;
				CLANG_WARN_EMPTY_BODY = YES;
				CLANG_WARN_ENUM_CONVERSION = YES;
				CLANG_WARN_INT_CONVERSION = YES;
				CLANG_WARN__DUPLICATE_METHOD_MATCH = YES;
				"CODE_SIGN_IDENTITY[sdk=iphoneos*]" = "iPhone Developer";
				COPY_PHASE_STRIP = YES;
				FRAMEWORK_SEARCH_PATHS = (
					"$(inherited)",
					"\"$(SYSTEM_APPS_DIR)/Xcode.app/Contents/Developer/Library/Frameworks\"",
				);
				GCC_C_LANGUAGE_STANDARD = gnu99;
				GCC_PRECOMPILE_PREFIX_HEADER = YES;
				GCC_PREFIX_HEADER = "LAMessageUIDemo/LAMessageUIDemo-Prefix.pch";
				GCC_WARN_ABOUT_RETURN_TYPE = YES;
				GCC_WARN_UNINITIALIZED_AUTOS = YES;
				GCC_WARN_UNUSED_VARIABLE = YES;
				INFOPLIST_FILE = "LAMessageUIDemo/LAMessageUIDemo-Info.plist";
				IPHONEOS_DEPLOYMENT_TARGET = 6.1;
				OTHER_CFLAGS = "-DNS_BLOCK_ASSERTIONS=1";
				PRODUCT_NAME = "$(TARGET_NAME)";
				SDKROOT = iphoneos;
				TARGETED_DEVICE_FAMILY = "1,2";
				VALIDATE_PRODUCT = YES;
				WRAPPER_EXTENSION = app;
			};
			name = Release;
		};
		853518D91749D10200F589EE /* Debug */ = {
			isa = XCBuildConfiguration;
			buildSettings = {
				ALWAYS_SEARCH_USER_PATHS = NO;
				BUNDLE_LOADER = "$(BUILT_PRODUCTS_DIR)/LAMessageUIDemo.app/LAMessageUIDemo";
				CLANG_CXX_LANGUAGE_STANDARD = "gnu++0x";
				CLANG_CXX_LIBRARY = "libc++";
				CLANG_ENABLE_OBJC_ARC = YES;
				CLANG_WARN_CONSTANT_CONVERSION = YES;
				CLANG_WARN_EMPTY_BODY = YES;
				CLANG_WARN_ENUM_CONVERSION = YES;
				CLANG_WARN_INT_CONVERSION = YES;
				CLANG_WARN__DUPLICATE_METHOD_MATCH = YES;
				COPY_PHASE_STRIP = NO;
				FRAMEWORK_SEARCH_PATHS = (
					"\"$(SDKROOT)/Developer/Library/Frameworks\"",
					"\"$(DEVELOPER_LIBRARY_DIR)/Frameworks\"",
				);
				GCC_C_LANGUAGE_STANDARD = gnu99;
				GCC_DYNAMIC_NO_PIC = NO;
				GCC_OPTIMIZATION_LEVEL = 0;
				GCC_PRECOMPILE_PREFIX_HEADER = YES;
				GCC_PREFIX_HEADER = "LAMessageUIDemo/LAMessageUIDemo-Prefix.pch";
				GCC_PREPROCESSOR_DEFINITIONS = (
					"DEBUG=1",
					"$(inherited)",
				);
				GCC_SYMBOLS_PRIVATE_EXTERN = NO;
				GCC_WARN_ABOUT_RETURN_TYPE = YES;
				GCC_WARN_UNINITIALIZED_AUTOS = YES;
				GCC_WARN_UNUSED_VARIABLE = YES;
				INFOPLIST_FILE = "LAMessageUIDemoTests/LAMessageUIDemoTests-Info.plist";
				IPHONEOS_DEPLOYMENT_TARGET = 6.1;
				ONLY_ACTIVE_ARCH = YES;
				PRODUCT_NAME = "$(TARGET_NAME)";
				SDKROOT = iphoneos;
				TEST_HOST = "$(BUNDLE_LOADER)";
				WRAPPER_EXTENSION = octest;
			};
			name = Debug;
		};
		853518DA1749D10200F589EE /* Release */ = {
			isa = XCBuildConfiguration;
			buildSettings = {
				ALWAYS_SEARCH_USER_PATHS = NO;
				BUNDLE_LOADER = "$(BUILT_PRODUCTS_DIR)/LAMessageUIDemo.app/LAMessageUIDemo";
				CLANG_CXX_LANGUAGE_STANDARD = "gnu++0x";
				CLANG_CXX_LIBRARY = "libc++";
				CLANG_ENABLE_OBJC_ARC = YES;
				CLANG_WARN_CONSTANT_CONVERSION = YES;
				CLANG_WARN_EMPTY_BODY = YES;
				CLANG_WARN_ENUM_CONVERSION = YES;
				CLANG_WARN_INT_CONVERSION = YES;
				CLANG_WARN__DUPLICATE_METHOD_MATCH = YES;
				COPY_PHASE_STRIP = YES;
				FRAMEWORK_SEARCH_PATHS = (
					"\"$(SDKROOT)/Developer/Library/Frameworks\"",
					"\"$(DEVELOPER_LIBRARY_DIR)/Frameworks\"",
				);
				GCC_C_LANGUAGE_STANDARD = gnu99;
				GCC_PRECOMPILE_PREFIX_HEADER = YES;
				GCC_PREFIX_HEADER = "LAMessageUIDemo/LAMessageUIDemo-Prefix.pch";
				GCC_WARN_ABOUT_RETURN_TYPE = YES;
				GCC_WARN_UNINITIALIZED_AUTOS = YES;
				GCC_WARN_UNUSED_VARIABLE = YES;
				INFOPLIST_FILE = "LAMessageUIDemoTests/LAMessageUIDemoTests-Info.plist";
				IPHONEOS_DEPLOYMENT_TARGET = 6.1;
				PRODUCT_NAME = "$(TARGET_NAME)";
				SDKROOT = iphoneos;
				TEST_HOST = "$(BUNDLE_LOADER)";
				VALIDATE_PRODUCT = YES;
				WRAPPER_EXTENSION = octest;
			};
			name = Release;
		};
		85B70C551746D4AF00981DB6 /* Debug */ = {
			isa = XCBuildConfiguration;
			buildSettings = {
			};
			name = Debug;
		};
		85B70C561746D4AF00981DB6 /* Release */ = {
			isa = XCBuildConfiguration;
			buildSettings = {
			};
			name = Release;
		};
/* End XCBuildConfiguration section */

/* Begin XCConfigurationList section */
		853518DB1749D10200F589EE /* Build configuration list for PBXNativeTarget "LAMessageUIDemo" */ = {
			isa = XCConfigurationList;
			buildConfigurations = (
				853518D71749D10200F589EE /* Debug */,
				853518D81749D10200F589EE /* Release */,
			);
			defaultConfigurationIsVisible = 0;
			defaultConfigurationName = Release;
		};
		853518DC1749D10200F589EE /* Build configuration list for PBXNativeTarget "LAMessageUIDemoTests" */ = {
			isa = XCConfigurationList;
			buildConfigurations = (
				853518D91749D10200F589EE /* Debug */,
				853518DA1749D10200F589EE /* Release */,
			);
			defaultConfigurationIsVisible = 0;
			defaultConfigurationName = Release;
		};
		85B70C541746D4AF00981DB6 /* Build configuration list for PBXProject "LAMessageUI" */ = {
			isa = XCConfigurationList;
			buildConfigurations = (
				85B70C551746D4AF00981DB6 /* Debug */,
				85B70C561746D4AF00981DB6 /* Release */,
			);
			defaultConfigurationIsVisible = 0;
			defaultConfigurationName = Release;
		};
/* End XCConfigurationList section */
	};
	rootObject = 85B70C511746D4AF00981DB6 /* Project object */;
}
